{
  "nodes": {
    "flake-utils": {
      "locked": {
        "lastModified": 1659877975,
        "narHash": "sha256-zllb8aq3YO3h8B/U0/J1WBgAL8EX5yWf5pMj3G0NAmc=",
        "owner": "numtide",
        "repo": "flake-utils",
        "rev": "c0e246b9b83f637f4681389ecabcb2681b4f3af0",
        "type": "github"
      },
      "original": {
        "owner": "numtide",
        "repo": "flake-utils",
        "type": "github"
      }
    },
    "home-manager": {
      "inputs": {
        "nixpkgs": [
          "nixpkgs"
        ]
      },
      "locked": {
        "lastModified": 1739051380,
        "narHash": "sha256-p1QSLO8DJnANY+ppK7fjD8GqfCrEIDjso1CSRHsXL7Y=",
        "owner": "nix-community",
        "repo": "home-manager",
        "rev": "5af1b9a0f193ab6138b89a8e0af8763c21bbf491",
        "type": "github"
      },
      "original": {
        "owner": "nix-community",
        "repo": "home-manager",
        "type": "github"
      }
    },
    "malakal": {
      "inputs": {
        "naersk": "naersk",
        "nixpkgs": "nixpkgs_2",
        "utils": "utils"
      },
      "locked": {
        "lastModified": 1739087217,
        "narHash": "sha256-7jHEwIUgIVOHI+gbBBwyh4HUw5JVafW6YfSpNcZT8AI=",
        "owner": "shouya",
        "repo": "malakal",
        "rev": "5b602d3568cd63f0b96ed87be9ffbc3dc5fe5a4f",
        "type": "github"
      },
      "original": {
        "owner": "shouya",
        "repo": "malakal",
        "type": "github"
      }
    },
    "naersk": {
      "inputs": {
        "nixpkgs": "nixpkgs"
      },
      "locked": {
        "lastModified": 1736429655,
        "narHash": "sha256-BwMekRuVlSB9C0QgwKMICiJ5EVbLGjfe4qyueyNQyGI=",
        "owner": "nix-community",
        "repo": "naersk",
        "rev": "0621e47bd95542b8e1ce2ee2d65d6a1f887a13ce",
        "type": "github"
      },
      "original": {
        "owner": "nix-community",
        "ref": "master",
        "repo": "naersk",
        "type": "github"
      }
    },
    "nix-index-database": {
      "inputs": {
        "nixpkgs": [
          "nixpkgs"
        ]
      },
      "locked": {
        "lastModified": 1739071773,
        "narHash": "sha256-/Ak+Quinhmdxa9m3shjm4lwwwqmzG8zzGhhhhgR1k9I=",
        "owner": "nix-community",
        "repo": "nix-index-database",
        "rev": "895d81b6228bbd50a6ef22f5a58a504ca99763ea",
        "type": "github"
      },
      "original": {
        "owner": "nix-community",
        "repo": "nix-index-database",
        "type": "github"
      }
    },
    "nixGL": {
      "inputs": {
        "flake-utils": "flake-utils",
        "nixpkgs": "nixpkgs_3"
      },
      "locked": {
        "lastModified": 1713543440,
        "narHash": "sha256-lnzZQYG0+EXl/6NkGpyIz+FEOc/DSEG57AP1VsdeNrM=",
        "owner": "nix-community",
        "repo": "nixGL",
        "rev": "310f8e49a149e4c9ea52f1adf70cdc768ec53f8a",
        "type": "github"
      },
      "original": {
        "owner": "nix-community",
        "repo": "nixGL",
        "type": "github"
      }
    },
    "nixpkgs": {
      "locked": {
        "lastModified": 0,
        "narHash": "sha256-Zf0hSrtzaM1DEz8//+Xs51k/wdSajticVrATqDrfQjg=",
        "path": "/nix/store/wshnc0kqk1qz7iffb1yqri8a5cy6v7w5-source",
        "type": "path"
      },
      "original": {
        "id": "nixpkgs",
        "type": "indirect"
      }
    },
    "nixpkgs-stable": {
      "locked": {
        "lastModified": 1739087318,
        "narHash": "sha256-WAz5ss5NgoBWWNvw9wNOJhXWKwmV1rIPHiEscwRDwSM=",
        "owner": "NixOS",
        "repo": "nixpkgs",
        "rev": "ef503dd62eec4aa7a47793ae43ad38e5716873c4",
        "type": "github"
      },
      "original": {
        "owner": "NixOS",
        "ref": "release-24.11",
        "repo": "nixpkgs",
        "type": "github"
      }
    },
    "nixpkgs_2": {
      "locked": {
        "lastModified": 1738297584,
        "narHash": "sha256-AYvaFBzt8dU0fcSK2jKD0Vg23K2eIRxfsVXIPCW9a0E=",
        "owner": "NixOS",
        "repo": "nixpkgs",
        "rev": "9189ac18287c599860e878e905da550aa6dec1cd",
        "type": "github"
      },
      "original": {
        "owner": "NixOS",
        "ref": "nixpkgs-unstable",
        "repo": "nixpkgs",
        "type": "github"
      }
    },
    "nixpkgs_3": {
      "locked": {
        "lastModified": 1660551188,
        "narHash": "sha256-a1LARMMYQ8DPx1BgoI/UN4bXe12hhZkCNqdxNi6uS0g=",
        "owner": "nixos",
        "repo": "nixpkgs",
        "rev": "441dc5d512153039f19ef198e662e4f3dbb9fd65",
        "type": "github"
      },
      "original": {
        "owner": "nixos",
        "repo": "nixpkgs",
        "type": "github"
      }
    },
    "nixpkgs_4": {
      "locked": {
        "lastModified": 1739446958,
        "narHash": "sha256-+/bYK3DbPxMIvSL4zArkMX0LQvS7rzBKXnDXLfKyRVc=",
        "owner": "nixos",
        "repo": "nixpkgs",
        "rev": "2ff53fe64443980e139eaa286017f53f88336dd0",
        "type": "github"
      },
      "original": {
        "owner": "nixos",
        "ref": "nixos-unstable",
        "repo": "nixpkgs",
        "type": "github"
      }
    },
    "root": {
      "inputs": {
        "home-manager": "home-manager",
        "malakal": "malakal",
        "nix-index-database": "nix-index-database",
        "nixGL": "nixGL",
        "nixpkgs": "nixpkgs_4",
        "nixpkgs-stable": "nixpkgs-stable"
      }
    },
    "systems": {
      "locked": {
        "lastModified": 1681028828,
        "narHash": "sha256-Vy1rq5AaRuLzOxct8nz4T6wlgyUR7zLU309k9mBC768=",
        "owner": "nix-systems",
        "repo": "default",
        "rev": "da67096a3b9bf56a91d16901293e51ba5b49a27e",
        "type": "github"
      },
      "original": {
        "owner": "nix-systems",
        "repo": "default",
        "type": "github"
      }
    },
    "utils": {
      "inputs": {
        "systems": "systems"
      },
      "locked": {
        "lastModified": 1731533236,
        "narHash": "sha256-l0KFg5HjrsfsO/JpG+r7fRrqm12kzFHyUHqHCVpMMbI=",
        "owner": "numtide",
        "repo": "flake-utils",
        "rev": "11707dc2f618dd54ca8739b309ec4fc024de578b",
        "type": "github"
      },
      "original": {
        "owner": "numtide",
        "repo": "flake-utils",
        "type": "github"
      }
    }
  },
  "root": "root",
  "version": 7
}
